
Microsoft Visual Studio Solution File, Format Version 12.00
# Visual Studio Version 17
VisualStudioVersion = 17.0.31912.275
MinimumVisualStudioVersion = 10.0.40219.1
Project("{2150E333-8FDC-42A3-9474-1A3956D46DE8}") = "src", "src", "{67980B66-481C-4CDB-9351-03230A9383D3}"
EndProject
Project("{9A19103F-16F7-4668-BE54-9A1E7A4F7556}") = "TypedLocalization", "src\TypedLocalization\TypedLocalization.csproj", "{5CB99A67-9CB7-492B-8A40-266FD4CE7126}"
EndProject
Project("{9A19103F-16F7-4668-BE54-9A1E7A4F7556}") = "TypedLocalization.Samples", "src\TypedLocalization.Samples\TypedLocalization.Samples.csproj", "{2D3F8409-71CE-4BDE-8936-CA5DCA9003F5}"
EndProject
Project("{2150E333-8FDC-42A3-9474-1A3956D46DE8}") = "Solution Items", "Solution Items", "{81022493-3A6D-4083-B3ED-CEB83A747BF6}"
	ProjectSection(SolutionItems) = preProject
		.gitignore = .gitignore
		.github\workflows\cd.yml = .github\workflows\cd.yml
		.github\workflows\ci.yml = .github\workflows\ci.yml
		Directory.Build.props = Directory.Build.props
	EndProjectSection
EndProject
Project("{9A19103F-16F7-4668-BE54-9A1E7A4F7556}") = "TypedLocalization.Abstractions", "src\TypedLocalization.Abstractions\TypedLocalization.Abstractions.csproj", "{4899475D-3A86-4DDA-A830-AE6E31C5DCF0}"
EndProject
Project("{2150E333-8FDC-42A3-9474-1A3956D46DE8}") = ".github", ".github", "{385FF5D9-19CA-46DA-AF61-06B6A97C723D}"
	ProjectSection(SolutionItems) = preProject
		.github\GitVersion.yml = .github\GitVersion.yml
		.github\pull_request_template.md = .github\pull_request_template.md
	EndProjectSection
EndProject
Project("{2150E333-8FDC-42A3-9474-1A3956D46DE8}") = "workflows", "workflows", "{9CAC9F7A-6C7C-4CD0-94A6-D72283FD68F1}"
	ProjectSection(SolutionItems) = preProject
		.github\workflows\cd.yml = .github\workflows\cd.yml
		.github\workflows\ci.yml = .github\workflows\ci.yml
	EndProjectSection
EndProject
Project("{FAE04EC0-301F-11D3-BF4B-00C04F79EFBC}") = "TypedLocalization.Samples.Maui", "TypedLocalization.Samples.Maui\TypedLocalization.Samples.Maui.csproj", "{63DE8AE7-2C33-43D0-A42A-E7708F582834}"
EndProject
Global
	GlobalSection(SolutionConfigurationPlatforms) = preSolution
		Debug|Any CPU = Debug|Any CPU
		Release|Any CPU = Release|Any CPU
	EndGlobalSection
	GlobalSection(ProjectConfigurationPlatforms) = postSolution
		{5CB99A67-9CB7-492B-8A40-266FD4CE7126}.Debug|Any CPU.ActiveCfg = Debug|Any CPU
		{5CB99A67-9CB7-492B-8A40-266FD4CE7126}.Debug|Any CPU.Build.0 = Debug|Any CPU
		{5CB99A67-9CB7-492B-8A40-266FD4CE7126}.Release|Any CPU.ActiveCfg = Release|Any CPU
		{5CB99A67-9CB7-492B-8A40-266FD4CE7126}.Release|Any CPU.Build.0 = Release|Any CPU
		{2D3F8409-71CE-4BDE-8936-CA5DCA9003F5}.Debug|Any CPU.ActiveCfg = Debug|Any CPU
		{2D3F8409-71CE-4BDE-8936-CA5DCA9003F5}.Debug|Any CPU.Build.0 = Debug|Any CPU
		{2D3F8409-71CE-4BDE-8936-CA5DCA9003F5}.Release|Any CPU.ActiveCfg = Release|Any CPU
		{2D3F8409-71CE-4BDE-8936-CA5DCA9003F5}.Release|Any CPU.Build.0 = Release|Any CPU
		{4899475D-3A86-4DDA-A830-AE6E31C5DCF0}.Debug|Any CPU.ActiveCfg = Debug|Any CPU
		{4899475D-3A86-4DDA-A830-AE6E31C5DCF0}.Debug|Any CPU.Build.0 = Debug|Any CPU
		{4899475D-3A86-4DDA-A830-AE6E31C5DCF0}.Release|Any CPU.ActiveCfg = Release|Any CPU
		{4899475D-3A86-4DDA-A830-AE6E31C5DCF0}.Release|Any CPU.Build.0 = Release|Any CPU
		{63DE8AE7-2C33-43D0-A42A-E7708F582834}.Debug|Any CPU.ActiveCfg = Debug|Any CPU
		{63DE8AE7-2C33-43D0-A42A-E7708F582834}.Debug|Any CPU.Build.0 = Debug|Any CPU
		{63DE8AE7-2C33-43D0-A42A-E7708F582834}.Debug|Any CPU.Deploy.0 = Debug|Any CPU
		{63DE8AE7-2C33-43D0-A42A-E7708F582834}.Release|Any CPU.ActiveCfg = Release|Any CPU
		{63DE8AE7-2C33-43D0-A42A-E7708F582834}.Release|Any CPU.Build.0 = Release|Any CPU
		{63DE8AE7-2C33-43D0-A42A-E7708F582834}.Release|Any CPU.Deploy.0 = Release|Any CPU
	EndGlobalSection
	GlobalSection(SolutionProperties) = preSolution
		HideSolutionNode = FALSE
	EndGlobalSection
	GlobalSection(NestedProjects) = preSolution
		{5CB99A67-9CB7-492B-8A40-266FD4CE7126} = {67980B66-481C-4CDB-9351-03230A9383D3}
		{2D3F8409-71CE-4BDE-8936-CA5DCA9003F5} = {67980B66-481C-4CDB-9351-03230A9383D3}
		{4899475D-3A86-4DDA-A830-AE6E31C5DCF0} = {67980B66-481C-4CDB-9351-03230A9383D3}
		{385FF5D9-19CA-46DA-AF61-06B6A97C723D} = {81022493-3A6D-4083-B3ED-CEB83A747BF6}
		{9CAC9F7A-6C7C-4CD0-94A6-D72283FD68F1} = {385FF5D9-19CA-46DA-AF61-06B6A97C723D}
		{63DE8AE7-2C33-43D0-A42A-E7708F582834} = {67980B66-481C-4CDB-9351-03230A9383D3}
	EndGlobalSection
	GlobalSection(ExtensibilityGlobals) = postSolution
		SolutionGuid = {806E88B4-4EE4-415A-A17B-9279DD1EBF5F}
	EndGlobalSection
EndGlobal
